PODS:
  - Capacitor (8.4.1):
    - CapacitorCordova
  - CapacitorApp (8.1.0):
    - Capacitor
  - CapacitorBrowser (8.0.3):
    - Capacitor
  - CapacitorCordova (8.4.1)

DEPENDENCIES:
  - "Capacitor (from `../../node_modules/@capacitor/ios`)"
  - "CapacitorApp (from `../../node_modules/@capacitor/app`)"
  - "CapacitorBrowser (from `../../node_modules/@capacitor/browser`)"
  - "CapacitorCordova (from `../../node_modules/@capacitor/ios`)"

EXTERNAL SOURCES:
  Capacitor:
    :path: "../../node_modules/@capacitor/ios"
  CapacitorApp:
    :path: "../../node_modules/@capacitor/app"
  CapacitorBrowser:
    :path: "../../node_modules/@capacitor/browser"
  CapacitorCordova:
    :path: "../../node_modules/@capacitor/ios"

SPEC CHECKSUMS:
  Capacitor: 9c34c6eb2165694e51758f5b425d470cb00f5bea
  CapacitorApp: a4d8d936cc4390859a3766f141048abe55d4076f
  CapacitorBrowser: f42210052d25867e64cda9ee28906ca830835ebe
  CapacitorCordova: eebe6bcf807b1b06f3f48237650f96bbcd0eef09

PODFILE CHECKSUM: 5e2442713b724c2b542f957c68fe668b1b568305

COCOAPODS: 1.17.0
